
Microsoft Visual Studio Solution File, Format Version 12.00
# Visual Studio 15
VisualStudioVersion = 15.0.26730.10
MinimumVisualStudioVersion = 10.0.40219.1
Project("{FAE04EC0-301F-11D3-BF4B-00C04F79EFBC}") = "WebAppsOppgave1", "WebAppsOppgave1\WebAppsOppgave1.csproj", "{8243E788-1118-4BE1-8A9C-6ACA6D0113D3}"
EndProject
Global
	GlobalSection(SolutionConfigurationPlatforms) = preSolution
		Debug|Any CPU = Debug|Any CPU
		Release|Any CPU = Release|Any CPU
	EndGlobalSection
	GlobalSection(ProjectConfigurationPlatforms) = postSolution
		{8243E788-1118-4BE1-8A9C-6ACA6D0113D3}.Debug|Any CPU.ActiveCfg = Debug|Any CPU
		{8243E788-1118-4BE1-8A9C-6ACA6D0113D3}.Debug|Any CPU.Build.0 = Debug|Any CPU
		{8243E788-1118-4BE1-8A9C-6ACA6D0113D3}.Release|Any CPU.ActiveCfg = Release|Any CPU
		{8243E788-1118-4BE1-8A9C-6ACA6D0113D3}.Release|Any CPU.Build.0 = Release|Any CPU
	EndGlobalSection
	GlobalSection(SolutionProperties) = preSolution
		HideSolutionNode = FALSE
	EndGlobalSection
	GlobalSection(ExtensibilityGlobals) = postSolution
		SolutionGuid = {30D8C65D-E341-42CB-BA03-EAE7CD0C9AA8}
	EndGlobalSection
EndGlobal
